
Microsoft Visual Studio Solution File, Format Version 12.00
Project("{FAE04EC0-301F-11D3-BF4B-00C04F79EFBC}") = "SOLID_L_Liskov_Substitution_Princeple", "SOLID_L_Liskov_Substitution_Princeple\SOLID_L_Liskov_Substitution_Princeple.csproj", "{D7F69622-F50F-4B35-84FE-F38A549DE215}"
EndProject
Project("{FAE04EC0-301F-11D3-BF4B-00C04F79EFBC}") = "SOLID_L_Liskov_Subtitution_Princeple_Library", "SOLID_L_Liskov_Subtitution_Princeple_Library\SOLID_L_Liskov_Subtitution_Princeple_Library.csproj", "{ED73701B-5420-406A-95F5-8DC1C80686F2}"
EndProject
Global
	GlobalSection(SolutionConfigurationPlatforms) = preSolution
		Debug|Any CPU = Debug|Any CPU
		Release|Any CPU = Release|Any CPU
	EndGlobalSection
	GlobalSection(ProjectConfigurationPlatforms) = postSolution
		{D7F69622-F50F-4B35-84FE-F38A549DE215}.Debug|Any CPU.ActiveCfg = Debug|Any CPU
		{D7F69622-F50F-4B35-84FE-F38A549DE215}.Debug|Any CPU.Build.0 = Debug|Any CPU
		{D7F69622-F50F-4B35-84FE-F38A549DE215}.Release|Any CPU.ActiveCfg = Release|Any CPU
		{D7F69622-F50F-4B35-84FE-F38A549DE215}.Release|Any CPU.Build.0 = Release|Any CPU
		{ED73701B-5420-406A-95F5-8DC1C80686F2}.Debug|Any CPU.ActiveCfg = Debug|Any CPU
		{ED73701B-5420-406A-95F5-8DC1C80686F2}.Debug|Any CPU.Build.0 = Debug|Any CPU
		{ED73701B-5420-406A-95F5-8DC1C80686F2}.Release|Any CPU.ActiveCfg = Release|Any CPU
		{ED73701B-5420-406A-95F5-8DC1C80686F2}.Release|Any CPU.Build.0 = Release|Any CPU
	EndGlobalSection
EndGlobal
